
Microsoft Visual Studio Solution File, Format Version 12.00
# Visual Studio Version 16
VisualStudioVersion = 16.0.32510.428
MinimumVisualStudioVersion = 10.0.40219.1
Project("{FAE04EC0-301F-11D3-BF4B-00C04F79EFBC}") = "CODE_BASE_6_WEB_API(JQUERY)", "CODE_BASE_6_WEB_API(JQUERY).csproj", "{F97E5571-1C10-4C9B-9B27-30FFE43751DE}"
EndProject
Global
	GlobalSection(SolutionConfigurationPlatforms) = preSolution
		Debug|Any CPU = Debug|Any CPU
		Release|Any CPU = Release|Any CPU
	EndGlobalSection
	GlobalSection(ProjectConfigurationPlatforms) = postSolution
		{F97E5571-1C10-4C9B-9B27-30FFE43751DE}.Debug|Any CPU.ActiveCfg = Debug|Any CPU
		{F97E5571-1C10-4C9B-9B27-30FFE43751DE}.Debug|Any CPU.Build.0 = Debug|Any CPU
		{F97E5571-1C10-4C9B-9B27-30FFE43751DE}.Release|Any CPU.ActiveCfg = Release|Any CPU
		{F97E5571-1C10-4C9B-9B27-30FFE43751DE}.Release|Any CPU.Build.0 = Release|Any CPU
	EndGlobalSection
	GlobalSection(SolutionProperties) = preSolution
		HideSolutionNode = FALSE
	EndGlobalSection
	GlobalSection(ExtensibilityGlobals) = postSolution
		SolutionGuid = {3C8A0215-95BE-4177-A7C8-75D5D19D61B9}
	EndGlobalSection
EndGlobal
